
Microsoft Visual Studio Solution File, Format Version 12.00
# Visual Studio Version 17
VisualStudioVersion = 17.9.34607.119
MinimumVisualStudioVersion = 10.0.40219.1
Project("{FAE04EC0-301F-11D3-BF4B-00C04F79EFBC}") = "StPlaner", "StPlaner\StPlaner.csproj", "{D9B2A110-A2A8-424D-90D2-87A777E68FBE}"
EndProject
Global
	GlobalSection(SolutionConfigurationPlatforms) = preSolution
		Debug|Any CPU = Debug|Any CPU
		Release|Any CPU = Release|Any CPU
	EndGlobalSection
	GlobalSection(ProjectConfigurationPlatforms) = postSolution
		{D9B2A110-A2A8-424D-90D2-87A777E68FBE}.Debug|Any CPU.ActiveCfg = Debug|Any CPU
		{D9B2A110-A2A8-424D-90D2-87A777E68FBE}.Debug|Any CPU.Build.0 = Debug|Any CPU
		{D9B2A110-A2A8-424D-90D2-87A777E68FBE}.Release|Any CPU.ActiveCfg = Release|Any CPU
		{D9B2A110-A2A8-424D-90D2-87A777E68FBE}.Release|Any CPU.Build.0 = Release|Any CPU
	EndGlobalSection
	GlobalSection(SolutionProperties) = preSolution
		HideSolutionNode = FALSE
	EndGlobalSection
	GlobalSection(ExtensibilityGlobals) = postSolution
		SolutionGuid = {3D36E99C-CCFC-4CC7-B877-A4A4DFDC34DE}
	EndGlobalSection
EndGlobal
